PATH
  remote: .
  specs:
    canvas_color (0.0.1)

GEM
  remote: https://rubygems.org/
  specs:
    rake (13.3.1)

PLATFORMS
  arm-linux-gnu
  arm-linux-musl
  arm64-darwin
  x86_64-darwin
  x86_64-linux-gnu
  x86_64-linux-musl

DEPENDENCIES
  canvas_color!
  rake

RUBY VERSION
   ruby 3.4.2p28

BUNDLED WITH
   2.6.7
